
Microsoft Visual Studio Solution File, Format Version 12.00
# Visual Studio Version 17
VisualStudioVersion = 17.3.32929.385
MinimumVisualStudioVersion = 10.0.40219.1
Project("{FAE04EC0-301F-11D3-BF4B-00C04F79EFBC}") = "SolidColorRemover", "SolidColorRemover\SolidColorRemover.csproj", "{C7269C10-B2F8-4DFF-BC80-C68FBA882DC0}"
EndProject
Global
	GlobalSection(SolutionConfigurationPlatforms) = preSolution
		Debug|Any CPU = Debug|Any CPU
		Release|Any CPU = Release|Any CPU
	EndGlobalSection
	GlobalSection(ProjectConfigurationPlatforms) = postSolution
		{C7269C10-B2F8-4DFF-BC80-C68FBA882DC0}.Debug|Any CPU.ActiveCfg = Debug|Any CPU
		{C7269C10-B2F8-4DFF-BC80-C68FBA882DC0}.Debug|Any CPU.Build.0 = Debug|Any CPU
		{C7269C10-B2F8-4DFF-BC80-C68FBA882DC0}.Release|Any CPU.ActiveCfg = Release|Any CPU
		{C7269C10-B2F8-4DFF-BC80-C68FBA882DC0}.Release|Any CPU.Build.0 = Release|Any CPU
	EndGlobalSection
	GlobalSection(SolutionProperties) = preSolution
		HideSolutionNode = FALSE
	EndGlobalSection
	GlobalSection(ExtensibilityGlobals) = postSolution
		SolutionGuid = {56E949D4-CF1F-49CC-B5EA-7C82334ED29C}
	EndGlobalSection
EndGlobal
